{
  "name": "@beyond/pi-runtime-adapter",
  "version": "0.1.0",
  "lockfileVersion": 3,
  "requires": true,
  "packages": {
    "": {
      "name": "@beyond/pi-runtime-adapter",
      "version": "0.1.0",
      "dependencies": {
        "@beyond/contracts": "file:../contracts",
        "@earendil-works/pi-agent-core": "file:../../vendor/pi/upstream/packages/agent",
        "@earendil-works/pi-ai": "file:../../vendor/pi/upstream/packages/ai",
        "typebox": "1.1.38"
      },
      "devDependencies": {
        "@types/node": "24.10.0",
        "typescript": "5.9.3"
      },
      "engines": {
        "node": ">=24.0.0"
      }
    },
    "../../vendor/pi/upstream/packages/agent": {
      "name": "@earendil-works/pi-agent-core",
      "version": "0.80.6",
      "license": "MIT",
      "dependencies": {
        "@earendil-works/pi-ai": "^0.80.6",
        "ignore": "7.0.5",
        "typebox": "1.1.38",
        "yaml": "2.9.0"
      },
      "devDependencies": {
        "@types/node": "24.12.4",
        "@vitest/coverage-v8": "4.1.9",
        "typescript": "5.9.3",
        "vitest": "4.1.9"
      },
      "engines": {
        "node": ">=22.19.0"
      }
    },
    "../../vendor/pi/upstream/packages/ai": {
      "name": "@earendil-works/pi-ai",
      "version": "0.80.6",
      "license": "MIT",
      "dependencies": {
        "@anthropic-ai/sdk": "0.91.1",
        "@aws-sdk/client-bedrock-runtime": "3.1048.0",
        "@google/genai": "1.52.0",
        "@mistralai/mistralai": "2.2.6",
        "@opentelemetry/api": "1.9.0",
        "@smithy/node-http-handler": "4.7.3",
        "http-proxy-agent": "7.0.2",
        "https-proxy-agent": "7.0.6",
        "openai": "6.26.0",
        "partial-json": "0.1.7",
        "typebox": "1.1.38"
      },
      "bin": {
        "pi-ai": "dist/cli.js"
      },
      "devDependencies": {
        "@types/node": "24.12.4",
        "canvas": "3.2.3",
        "vitest": "4.1.9"
      },
      "engines": {
        "node": ">=22.19.0"
      }
    },
    "../contracts": {
      "name": "@beyond/contracts",
      "version": "0.1.0",
      "devDependencies": {
        "typescript": "5.9.3"
      },
      "engines": {
        "node": ">=24.0.0"
      }
    },
    "node_modules/@beyond/contracts": {
      "resolved": "../contracts",
      "link": true
    },
    "node_modules/@earendil-works/pi-agent-core": {
      "resolved": "../../vendor/pi/upstream/packages/agent",
      "link": true
    },
    "node_modules/@earendil-works/pi-ai": {
      "resolved": "../../vendor/pi/upstream/packages/ai",
      "link": true
    },
    "node_modules/@types/node": {
      "version": "24.10.0",
      "resolved": "https://registry.npmjs.org/@types/node/-/node-24.10.0.tgz",
      "integrity": "sha512-qzQZRBqkFsYyaSWXuEHc2WR9c0a0CXwiE5FWUvn7ZM+vdy1uZLfCunD38UzhuB7YN/J11ndbDBcTmOdxJo9Q7A==",
      "dev": true,
      "license": "MIT",
      "dependencies": {
        "undici-types": "~7.16.0"
      }
    },
    "node_modules/typebox": {
      "version": "1.1.38",
      "resolved": "https://registry.npmjs.org/typebox/-/typebox-1.1.38.tgz",
      "integrity": "sha512-pZ0aQPmMmXoUvSbeuWf/Hzsc+avNw/Zd6VeE8CFgkVGWyuHPJvqeJJDeJqLve+K70LvjYIoleGcoJHPT17cWoA==",
      "license": "MIT"
    },
    "node_modules/typescript": {
      "version": "5.9.3",
      "resolved": "https://registry.npmjs.org/typescript/-/typescript-5.9.3.tgz",
      "integrity": "sha512-jl1vZzPDinLr9eUt3J/t7V6FgNEw9QjvBPdysz9KfQDD41fQrC2Y4vKQdiaUpFT4bXlb1RHhLpp8wtm6M5TgSw==",
      "dev": true,
      "license": "Apache-2.0",
      "bin": {
        "tsc": "bin/tsc",
        "tsserver": "bin/tsserver"
      },
      "engines": {
        "node": ">=14.17"
      }
    },
    "node_modules/undici-types": {
      "version": "7.16.0",
      "resolved": "https://registry.npmjs.org/undici-types/-/undici-types-7.16.0.tgz",
      "integrity": "sha512-Zz+aZWSj8LE6zoxD+xrjh4VfkIG8Ya6LvYkZqtUQGJPZjYl53ypCaUwWqo7eI0x66KBGeRo+mlBEkMSeSZ38Nw==",
      "dev": true,
      "license": "MIT"
    }
  }
}
